
Microsoft Visual Studio Solution File, Format Version 12.00
# Visual Studio 2013
VisualStudioVersion = 12.0.30501.0
MinimumVisualStudioVersion = 10.0.40219.1
Project("{8BC9CEB8-8B4A-11D0-8D11-00A0C91BC942}") = "CQdiss", "CQdiss\CQdiss.vcxproj", "{516A4A97-6482-4FA7-A0E3-40DD5411030E}"
	ProjectSection(ProjectDependencies) = postProject
		{3A3EB764-7CBB-484C-A0AF-1DE728022BB9} = {3A3EB764-7CBB-484C-A0AF-1DE728022BB9}
		{5ACC14DE-5E14-4CF9-98FD-14F8FECAC52E} = {5ACC14DE-5E14-4CF9-98FD-14F8FECAC52E}
	EndProjectSection
EndProject
Project("{8BC9CEB8-8B4A-11D0-8D11-00A0C91BC942}") = "SparceM_op", "SparceM_op\SparceM_op.vcxproj", "{5ACC14DE-5E14-4CF9-98FD-14F8FECAC52E}"
EndProject
Project("{8BC9CEB8-8B4A-11D0-8D11-00A0C91BC942}") = "read_config", "read_config\read_config.vcxproj", "{3A3EB764-7CBB-484C-A0AF-1DE728022BB9}"
EndProject
Project("{8BC9CEB8-8B4A-11D0-8D11-00A0C91BC942}") = "CQdiss_rk", "CQdiss_rk\CQdiss_rk.vcxproj", "{AF895DB0-A26D-4678-BCB3-54523B9C10D0}"
EndProject
Project("{8BC9CEB8-8B4A-11D0-8D11-00A0C91BC942}") = "CQdiss_fbasis", "CQdiss_fbasis\CQdiss_fbasis.vcxproj", "{FB6707BD-36DD-4DAE-A4CA-32DCAE9B29C4}"
EndProject
Project("{8BC9CEB8-8B4A-11D0-8D11-00A0C91BC942}") = "CQdiss_NT", "CQdiss_NT\CQdiss_NT.vcxproj", "{D24C4FBC-22BD-41A7-A3C4-0C3E61345061}"
EndProject
Global
	GlobalSection(SubversionScc) = preSolution
		Svn-Managed = True
		Manager = AnkhSVN - Subversion Support for Visual Studio
	EndGlobalSection
	GlobalSection(SolutionConfigurationPlatforms) = preSolution
		Debug|Mixed Platforms = Debug|Mixed Platforms
		Debug|Win32 = Debug|Win32
		Debug|x64 = Debug|x64
		Release|Mixed Platforms = Release|Mixed Platforms
		Release|Win32 = Release|Win32
		Release|x64 = Release|x64
	EndGlobalSection
	GlobalSection(ProjectConfigurationPlatforms) = postSolution
		{516A4A97-6482-4FA7-A0E3-40DD5411030E}.Debug|Mixed Platforms.ActiveCfg = Debug|Win32
		{516A4A97-6482-4FA7-A0E3-40DD5411030E}.Debug|Mixed Platforms.Build.0 = Debug|Win32
		{516A4A97-6482-4FA7-A0E3-40DD5411030E}.Debug|Win32.ActiveCfg = Debug|Win32
		{516A4A97-6482-4FA7-A0E3-40DD5411030E}.Debug|Win32.Build.0 = Debug|Win32
		{516A4A97-6482-4FA7-A0E3-40DD5411030E}.Debug|x64.ActiveCfg = Debug|x64
		{516A4A97-6482-4FA7-A0E3-40DD5411030E}.Debug|x64.Build.0 = Debug|x64
		{516A4A97-6482-4FA7-A0E3-40DD5411030E}.Release|Mixed Platforms.ActiveCfg = Release|Win32
		{516A4A97-6482-4FA7-A0E3-40DD5411030E}.Release|Mixed Platforms.Build.0 = Release|Win32
		{516A4A97-6482-4FA7-A0E3-40DD5411030E}.Release|Win32.ActiveCfg = Release|Win32
		{516A4A97-6482-4FA7-A0E3-40DD5411030E}.Release|Win32.Build.0 = Release|Win32
		{516A4A97-6482-4FA7-A0E3-40DD5411030E}.Release|x64.ActiveCfg = Release|x64
		{516A4A97-6482-4FA7-A0E3-40DD5411030E}.Release|x64.Build.0 = Release|x64
		{5ACC14DE-5E14-4CF9-98FD-14F8FECAC52E}.Debug|Mixed Platforms.ActiveCfg = Debug|Win32
		{5ACC14DE-5E14-4CF9-98FD-14F8FECAC52E}.Debug|Mixed Platforms.Build.0 = Debug|Win32
		{5ACC14DE-5E14-4CF9-98FD-14F8FECAC52E}.Debug|Win32.ActiveCfg = Debug|Win32
		{5ACC14DE-5E14-4CF9-98FD-14F8FECAC52E}.Debug|Win32.Build.0 = Debug|Win32
		{5ACC14DE-5E14-4CF9-98FD-14F8FECAC52E}.Debug|x64.ActiveCfg = Debug|x64
		{5ACC14DE-5E14-4CF9-98FD-14F8FECAC52E}.Debug|x64.Build.0 = Debug|x64
		{5ACC14DE-5E14-4CF9-98FD-14F8FECAC52E}.Release|Mixed Platforms.ActiveCfg = Release|Win32
		{5ACC14DE-5E14-4CF9-98FD-14F8FECAC52E}.Release|Mixed Platforms.Build.0 = Release|Win32
		{5ACC14DE-5E14-4CF9-98FD-14F8FECAC52E}.Release|Win32.ActiveCfg = Release|Win32
		{5ACC14DE-5E14-4CF9-98FD-14F8FECAC52E}.Release|Win32.Build.0 = Release|Win32
		{5ACC14DE-5E14-4CF9-98FD-14F8FECAC52E}.Release|x64.ActiveCfg = Release|x64
		{5ACC14DE-5E14-4CF9-98FD-14F8FECAC52E}.Release|x64.Build.0 = Release|x64
		{3A3EB764-7CBB-484C-A0AF-1DE728022BB9}.Debug|Mixed Platforms.ActiveCfg = Debug|Win32
		{3A3EB764-7CBB-484C-A0AF-1DE728022BB9}.Debug|Mixed Platforms.Build.0 = Debug|Win32
		{3A3EB764-7CBB-484C-A0AF-1DE728022BB9}.Debug|Win32.ActiveCfg = Debug|Win32
		{3A3EB764-7CBB-484C-A0AF-1DE728022BB9}.Debug|Win32.Build.0 = Debug|Win32
		{3A3EB764-7CBB-484C-A0AF-1DE728022BB9}.Debug|x64.ActiveCfg = Debug|x64
		{3A3EB764-7CBB-484C-A0AF-1DE728022BB9}.Debug|x64.Build.0 = Debug|x64
		{3A3EB764-7CBB-484C-A0AF-1DE728022BB9}.Release|Mixed Platforms.ActiveCfg = Release|Win32
		{3A3EB764-7CBB-484C-A0AF-1DE728022BB9}.Release|Mixed Platforms.Build.0 = Release|Win32
		{3A3EB764-7CBB-484C-A0AF-1DE728022BB9}.Release|Win32.ActiveCfg = Release|Win32
		{3A3EB764-7CBB-484C-A0AF-1DE728022BB9}.Release|Win32.Build.0 = Release|Win32
		{3A3EB764-7CBB-484C-A0AF-1DE728022BB9}.Release|x64.ActiveCfg = Release|x64
		{3A3EB764-7CBB-484C-A0AF-1DE728022BB9}.Release|x64.Build.0 = Release|x64
		{AF895DB0-A26D-4678-BCB3-54523B9C10D0}.Debug|Mixed Platforms.ActiveCfg = Debug|Win32
		{AF895DB0-A26D-4678-BCB3-54523B9C10D0}.Debug|Mixed Platforms.Build.0 = Debug|Win32
		{AF895DB0-A26D-4678-BCB3-54523B9C10D0}.Debug|Win32.ActiveCfg = Debug|Win32
		{AF895DB0-A26D-4678-BCB3-54523B9C10D0}.Debug|Win32.Build.0 = Debug|Win32
		{AF895DB0-A26D-4678-BCB3-54523B9C10D0}.Debug|x64.ActiveCfg = Debug|Win32
		{AF895DB0-A26D-4678-BCB3-54523B9C10D0}.Release|Mixed Platforms.ActiveCfg = Release|Win32
		{AF895DB0-A26D-4678-BCB3-54523B9C10D0}.Release|Mixed Platforms.Build.0 = Release|Win32
		{AF895DB0-A26D-4678-BCB3-54523B9C10D0}.Release|Win32.ActiveCfg = Release|Win32
		{AF895DB0-A26D-4678-BCB3-54523B9C10D0}.Release|Win32.Build.0 = Release|Win32
		{AF895DB0-A26D-4678-BCB3-54523B9C10D0}.Release|x64.ActiveCfg = Release|Win32
		{FB6707BD-36DD-4DAE-A4CA-32DCAE9B29C4}.Debug|Mixed Platforms.ActiveCfg = Debug|Win32
		{FB6707BD-36DD-4DAE-A4CA-32DCAE9B29C4}.Debug|Mixed Platforms.Build.0 = Debug|Win32
		{FB6707BD-36DD-4DAE-A4CA-32DCAE9B29C4}.Debug|Win32.ActiveCfg = Debug|Win32
		{FB6707BD-36DD-4DAE-A4CA-32DCAE9B29C4}.Debug|Win32.Build.0 = Debug|Win32
		{FB6707BD-36DD-4DAE-A4CA-32DCAE9B29C4}.Debug|x64.ActiveCfg = Debug|Win32
		{FB6707BD-36DD-4DAE-A4CA-32DCAE9B29C4}.Release|Mixed Platforms.ActiveCfg = Release|Win32
		{FB6707BD-36DD-4DAE-A4CA-32DCAE9B29C4}.Release|Mixed Platforms.Build.0 = Release|Win32
		{FB6707BD-36DD-4DAE-A4CA-32DCAE9B29C4}.Release|Win32.ActiveCfg = Release|Win32
		{FB6707BD-36DD-4DAE-A4CA-32DCAE9B29C4}.Release|Win32.Build.0 = Release|Win32
		{FB6707BD-36DD-4DAE-A4CA-32DCAE9B29C4}.Release|x64.ActiveCfg = Release|Win32
		{D24C4FBC-22BD-41A7-A3C4-0C3E61345061}.Debug|Mixed Platforms.ActiveCfg = Debug|Win32
		{D24C4FBC-22BD-41A7-A3C4-0C3E61345061}.Debug|Mixed Platforms.Build.0 = Debug|Win32
		{D24C4FBC-22BD-41A7-A3C4-0C3E61345061}.Debug|Win32.ActiveCfg = Debug|Win32
		{D24C4FBC-22BD-41A7-A3C4-0C3E61345061}.Debug|Win32.Build.0 = Debug|Win32
		{D24C4FBC-22BD-41A7-A3C4-0C3E61345061}.Debug|x64.ActiveCfg = Debug|Win32
		{D24C4FBC-22BD-41A7-A3C4-0C3E61345061}.Release|Mixed Platforms.ActiveCfg = Release|Win32
		{D24C4FBC-22BD-41A7-A3C4-0C3E61345061}.Release|Mixed Platforms.Build.0 = Release|Win32
		{D24C4FBC-22BD-41A7-A3C4-0C3E61345061}.Release|Win32.ActiveCfg = Release|Win32
		{D24C4FBC-22BD-41A7-A3C4-0C3E61345061}.Release|Win32.Build.0 = Release|Win32
		{D24C4FBC-22BD-41A7-A3C4-0C3E61345061}.Release|x64.ActiveCfg = Release|Win32
	EndGlobalSection
	GlobalSection(SolutionProperties) = preSolution
		HideSolutionNode = FALSE
	EndGlobalSection
EndGlobal
