<?xml version="1.0" encoding="utf-8"?>
<Project ToolsVersion="4.0" xmlns="http://schemas.microsoft.com/developer/msbuild/2003">
  <ItemGroup>
    <Filter Include="Source Files">
      <UniqueIdentifier>{4FC737F1-C7A5-4376-A066-2A32D752A2FF}</UniqueIdentifier>
      <Extensions>cpp;c;cc;cxx;def;odl;idl;hpj;bat;asm;asmx</Extensions>
    </Filter>
    <Filter Include="Header Files">
      <UniqueIdentifier>{93995380-89BD-4b04-88EB-625FBE52EBFB}</UniqueIdentifier>
      <Extensions>h;hpp;hxx;hm;inl;inc;xsd</Extensions>
    </Filter>
    <Filter Include="Resource Files">
      <UniqueIdentifier>{67DA6AB6-F800-4c08-8B7A-83BB121AAD01}</UniqueIdentifier>
      <Extensions>rc;ico;cur;bmp;dlg;rc2;rct;bin;rgs;gif;jpg;jpeg;jpe;resx;tiff;tif;png;wav;mfcribbon-ms</Extensions>
    </Filter>
  </ItemGroup>
  <ItemGroup>
    <ClCompile Include="main.cpp">
      <Filter>Source Files</Filter>
    </ClCompile>
    <ClCompile Include="Model.cpp">
      <Filter>Source Files</Filter>
    </ClCompile>
    <ClCompile Include="InitFs.cpp">
      <Filter>Source Files</Filter>
    </ClCompile>
    <ClCompile Include="InitH.cpp">
      <Filter>Source Files</Filter>
    </ClCompile>
    <ClCompile Include="stdToCrs.cpp">
      <Filter>Source Files</Filter>
    </ClCompile>
    <ClCompile Include="Init_a1_a2.cpp">
      <Filter>Source Files</Filter>
    </ClCompile>
    <ClCompile Include="CalcQs.cpp">
      <Filter>Source Files</Filter>
    </ClCompile>
    <ClCompile Include="CalcKs.cpp">
      <Filter>Source Files</Filter>
    </ClCompile>
    <ClCompile Include="CalcRs.cpp">
      <Filter>Source Files</Filter>
    </ClCompile>
    <ClCompile Include="CalcGs.cpp">
      <Filter>Source Files</Filter>
    </ClCompile>
    <ClCompile Include="linSolv.cpp">
      <Filter>Source Files</Filter>
    </ClCompile>
    <ClCompile Include="CalcRho.cpp">
      <Filter>Source Files</Filter>
    </ClCompile>
    <ClCompile Include="coef_coord.cpp">
      <Filter>Source Files</Filter>
    </ClCompile>
    <ClCompile Include="Init_f_d.cpp">
      <Filter>Source Files</Filter>
    </ClCompile>
    <ClCompile Include="transpFs.cpp">
      <Filter>Source Files</Filter>
    </ClCompile>
    <ClCompile Include="calcODE.cpp">
      <Filter>Source Files</Filter>
    </ClCompile>
    <ClCompile Include="genMatrix.cpp">
      <Filter>Source Files</Filter>
    </ClCompile>
    <ClCompile Include="CalcEigs.cpp">
      <Filter>Source Files</Filter>
    </ClCompile>
    <ClCompile Include="CalcTraseRO2.cpp">
      <Filter>Source Files</Filter>
    </ClCompile>
    <ClCompile Include="testODE.cpp">
      <Filter>Source Files</Filter>
    </ClCompile>
    <ClCompile Include="calcODE_real.cpp">
      <Filter>Source Files</Filter>
    </ClCompile>
    <ClCompile Include="sortTensor.cpp">
      <Filter>Source Files</Filter>
    </ClCompile>
    <ClCompile Include="f_d_sym.cpp">
      <Filter>Source Files</Filter>
    </ClCompile>
    <ClCompile Include="f_d_ch.cpp">
      <Filter>Source Files</Filter>
    </ClCompile>
    <ClCompile Include="CalcODE_rk.cpp">
      <Filter>Source Files</Filter>
    </ClCompile>
  </ItemGroup>
  <ItemGroup>
    <ClInclude Include="Model.h">
      <Filter>Header Files</Filter>
    </ClInclude>
    <ClInclude Include="InitFs.h">
      <Filter>Header Files</Filter>
    </ClInclude>
    <ClInclude Include="initH.h">
      <Filter>Header Files</Filter>
    </ClInclude>
    <ClInclude Include="Init_f_d.h">
      <Filter>Header Files</Filter>
    </ClInclude>
    <ClInclude Include="stdToCrs.h">
      <Filter>Header Files</Filter>
    </ClInclude>
    <ClInclude Include="Init_a1_a2.h">
      <Filter>Header Files</Filter>
    </ClInclude>
    <ClInclude Include="CalcQs.h">
      <Filter>Header Files</Filter>
    </ClInclude>
    <ClInclude Include="CalcKs.h">
      <Filter>Header Files</Filter>
    </ClInclude>
    <ClInclude Include="CalcRs.h">
      <Filter>Header Files</Filter>
    </ClInclude>
    <ClInclude Include="CalcGs.h">
      <Filter>Header Files</Filter>
    </ClInclude>
    <ClInclude Include="linSolv.h">
      <Filter>Header Files</Filter>
    </ClInclude>
    <ClInclude Include="CalcRho.h">
      <Filter>Header Files</Filter>
    </ClInclude>
    <ClInclude Include="coef_coord.h">
      <Filter>Header Files</Filter>
    </ClInclude>
    <ClInclude Include="TranspFs.h">
      <Filter>Header Files</Filter>
    </ClInclude>
    <ClInclude Include="calcODE.h">
      <Filter>Header Files</Filter>
    </ClInclude>
    <ClInclude Include="genMatrix.h">
      <Filter>Header Files</Filter>
    </ClInclude>
    <ClInclude Include="CalcEigs.h">
      <Filter>Header Files</Filter>
    </ClInclude>
    <ClInclude Include="CalcTraseRO2.h">
      <Filter>Header Files</Filter>
    </ClInclude>
    <ClInclude Include="testODE.h">
      <Filter>Header Files</Filter>
    </ClInclude>
    <ClInclude Include="calcODE_real.h">
      <Filter>Header Files</Filter>
    </ClInclude>
    <ClInclude Include="sortTensor.h">
      <Filter>Header Files</Filter>
    </ClInclude>
    <ClInclude Include="CalcODE_rk.h">
      <Filter>Header Files</Filter>
    </ClInclude>
  </ItemGroup>
</Project>